
Microsoft Visual Studio Solution File, Format Version 12.00
# Visual Studio Version 16
VisualStudioVersion = 16.0.31321.278
MinimumVisualStudioVersion = 10.0.40219.1
Project("{FAE04EC0-301F-11D3-BF4B-00C04F79EFBC}") = "LexiconWeek1Exercises", "LexiconWeek1Exercises\LexiconWeek1Exercises.csproj", "{BE10AF7E-BC2E-4936-A36D-2A5945DDE9BF}"
EndProject
Global
	GlobalSection(SolutionConfigurationPlatforms) = preSolution
		Debug|Any CPU = Debug|Any CPU
		Release|Any CPU = Release|Any CPU
	EndGlobalSection
	GlobalSection(ProjectConfigurationPlatforms) = postSolution
		{BE10AF7E-BC2E-4936-A36D-2A5945DDE9BF}.Debug|Any CPU.ActiveCfg = Debug|Any CPU
		{BE10AF7E-BC2E-4936-A36D-2A5945DDE9BF}.Debug|Any CPU.Build.0 = Debug|Any CPU
		{BE10AF7E-BC2E-4936-A36D-2A5945DDE9BF}.Release|Any CPU.ActiveCfg = Release|Any CPU
		{BE10AF7E-BC2E-4936-A36D-2A5945DDE9BF}.Release|Any CPU.Build.0 = Release|Any CPU
	EndGlobalSection
	GlobalSection(SolutionProperties) = preSolution
		HideSolutionNode = FALSE
	EndGlobalSection
	GlobalSection(ExtensibilityGlobals) = postSolution
		SolutionGuid = {DAB19872-8E2B-4F6C-91FF-1D35E764B5F0}
	EndGlobalSection
EndGlobal
